{
  "version": 4,
  "terraform_version": "0.12.26",
  "serial": 108,
  "lineage": "87bd54e5-1603-39f1-9c3e-05fcc0d0c804",
  "outputs": {
    "eks_cluster_certificate_authority": {
      "value": [
        {
          "data": "LS0tLS1CRUdJTiBDRVJUSUZJQ0FURS0tLS0tCk1JSUN5RENDQWJDZ0F3SUJBZ0lCQURBTkJna3Foa2lHOXcwQkFRc0ZBREFWTVJNd0VRWURWUVFERXdwcmRXSmwKY201bGRHVnpNQjRYRFRJd01EY3hPVEEyTURBek4xb1hEVE13TURjeE56QTJNREF6TjFvd0ZURVRNQkVHQTFVRQpBeE1LYTNWaVpYSnVaWFJsY3pDQ0FTSXdEUVlKS29aSWh2Y05BUUVCQlFBRGdnRVBBRENDQVFvQ2dnRUJBTmdIClZCUWYxQnlaZmQzSXpzOFRoeVpESWZxdWhRc2hzN3REOXFoU3VkNVVxbUNBR1lLQWZDeG91bWFFc3h0cWdNN2YKdDI0M2lyeW5aTmwvMFZwMjk3STJma2E4VHlKY0N2VFRqR05JTHJOQ0hxMWRaMnpsWkZBL3d6SWwvTXNnbDFLYgptelZHUThmSTRTek5GSllZclVPUXVGalptL01BK0loc2ZjdnZrQVh2QXFYSG1xYWVETld1OHdnRUN3UXRFRXBWCnY2eEJxcWZWa0FwWW5Pd1ZONVJaaFF3WDNnT3h3SlVnZzFDN0djY1ZjcTVCcWJkSnNIVUtWSmt6b05ZV3R1MU4KV0RFc3FGbnZESnUzVmJlSjlBN0lncUtxRkNlb1FpTzB4UjRKK2toWGt2SjNLTndaZ2NlMWJJY0RiVGRPR1VoQwpUMFVMVmIyUURxRGpnb3NKZWxjQ0F3RUFBYU1qTUNFd0RnWURWUjBQQVFIL0JBUURBZ0trTUE4R0ExVWRFd0VCCi93UUZNQU1CQWY4d0RRWUpLb1pJaHZjTkFRRUxCUUFEZ2dFQkFEeGRzUXlTc2JLL0tMaExxZzhycXFSVlBXVDkKNkd5NWNaV2Y5SW45TzlSSkJ4TzUyQStRY0czejYycmlrellXNCtYdFJoRDZKU2lQbDR3MFRmREJnVVFkU0pSTgpoNDR6MWtvc21jNzYwWnVKL3NsR2U4b01XZ2JJbC9taEJ0UXJNSWdZNGZRZkxoeVZob1lRODk1K3g5NVMvcDRhCjhDOEttNk9PcVBHYkdEUER0V2F6MllsejkwZFBVODZzZGtyQXRYR202Ny9jYWhpZnJ5OEwvanQ3WWtsWnN5a2YKcnlpQ3VaSVlxSFNqbVBLTmlnL3J1ZnZmYXV2NGMvZE9CNUNVRGc5ZXdSZDlYbWhTRFAzTGh4VDZCTG9LM0tDUApzUVRSbUh4YU9VV1NVbi9UejlmSkNXQ2J4MzM5M1ducXcrMCtVTjNJVFU5bk9jYXVCVC9GNG1FZHVITT0KLS0tLS1FTkQgQ0VSVElGSUNBVEUtLS0tLQo="
        }
      ],
      "type": [
        "list",
        [
          "object",
          {
            "data": "string"
          }
        ]
      ]
    },
    "eks_cluster_endpoint": {
      "value": "https://55E70DA6553DCAF16AF1CAFD742A048C.sk1.ap-south-1.eks.amazonaws.com",
      "type": "string"
    }
  },
  "resources": [
    {
      "mode": "managed",
      "type": "aws_eks_cluster",
      "name": "aws_eks",
      "provider": "provider.aws",
      "instances": [
        {
          "schema_version": 0,
          "attributes": {
            "arn": "arn:aws:eks:ap-south-1:890292390868:cluster/hari_eks_cluster",
            "certificate_authority": [
              {
                "data": "LS0tLS1CRUdJTiBDRVJUSUZJQ0FURS0tLS0tCk1JSUN5RENDQWJDZ0F3SUJBZ0lCQURBTkJna3Foa2lHOXcwQkFRc0ZBREFWTVJNd0VRWURWUVFERXdwcmRXSmwKY201bGRHVnpNQjRYRFRJd01EY3hPVEEyTURBek4xb1hEVE13TURjeE56QTJNREF6TjFvd0ZURVRNQkVHQTFVRQpBeE1LYTNWaVpYSnVaWFJsY3pDQ0FTSXdEUVlKS29aSWh2Y05BUUVCQlFBRGdnRVBBRENDQVFvQ2dnRUJBTmdIClZCUWYxQnlaZmQzSXpzOFRoeVpESWZxdWhRc2hzN3REOXFoU3VkNVVxbUNBR1lLQWZDeG91bWFFc3h0cWdNN2YKdDI0M2lyeW5aTmwvMFZwMjk3STJma2E4VHlKY0N2VFRqR05JTHJOQ0hxMWRaMnpsWkZBL3d6SWwvTXNnbDFLYgptelZHUThmSTRTek5GSllZclVPUXVGalptL01BK0loc2ZjdnZrQVh2QXFYSG1xYWVETld1OHdnRUN3UXRFRXBWCnY2eEJxcWZWa0FwWW5Pd1ZONVJaaFF3WDNnT3h3SlVnZzFDN0djY1ZjcTVCcWJkSnNIVUtWSmt6b05ZV3R1MU4KV0RFc3FGbnZESnUzVmJlSjlBN0lncUtxRkNlb1FpTzB4UjRKK2toWGt2SjNLTndaZ2NlMWJJY0RiVGRPR1VoQwpUMFVMVmIyUURxRGpnb3NKZWxjQ0F3RUFBYU1qTUNFd0RnWURWUjBQQVFIL0JBUURBZ0trTUE4R0ExVWRFd0VCCi93UUZNQU1CQWY4d0RRWUpLb1pJaHZjTkFRRUxCUUFEZ2dFQkFEeGRzUXlTc2JLL0tMaExxZzhycXFSVlBXVDkKNkd5NWNaV2Y5SW45TzlSSkJ4TzUyQStRY0czejYycmlrellXNCtYdFJoRDZKU2lQbDR3MFRmREJnVVFkU0pSTgpoNDR6MWtvc21jNzYwWnVKL3NsR2U4b01XZ2JJbC9taEJ0UXJNSWdZNGZRZkxoeVZob1lRODk1K3g5NVMvcDRhCjhDOEttNk9PcVBHYkdEUER0V2F6MllsejkwZFBVODZzZGtyQXRYR202Ny9jYWhpZnJ5OEwvanQ3WWtsWnN5a2YKcnlpQ3VaSVlxSFNqbVBLTmlnL3J1ZnZmYXV2NGMvZE9CNUNVRGc5ZXdSZDlYbWhTRFAzTGh4VDZCTG9LM0tDUApzUVRSbUh4YU9VV1NVbi9UejlmSkNXQ2J4MzM5M1ducXcrMCtVTjNJVFU5bk9jYXVCVC9GNG1FZHVITT0KLS0tLS1FTkQgQ0VSVElGSUNBVEUtLS0tLQo="
              }
            ],
            "created_at": "2020-07-19 05:53:43 +0000 UTC",
            "enabled_cluster_log_types": null,
            "encryption_config": [],
            "endpoint": "https://55E70DA6553DCAF16AF1CAFD742A048C.sk1.ap-south-1.eks.amazonaws.com",
            "id": "hari_eks_cluster",
            "identity": [
              {
                "oidc": [
                  {
                    "issuer": "https://oidc.eks.ap-south-1.amazonaws.com/id/55E70DA6553DCAF16AF1CAFD742A048C"
                  }
                ]
              }
            ],
            "name": "hari_eks_cluster",
            "platform_version": "eks.2",
            "role_arn": "arn:aws:iam::890292390868:role/eks-cluster",
            "status": "ACTIVE",
            "tags": {
              "Name": "Hari_EKS"
            },
            "timeouts": null,
            "version": "1.16",
            "vpc_config": [
              {
                "cluster_security_group_id": "sg-08c93b123844c0278",
                "endpoint_private_access": false,
                "endpoint_public_access": true,
                "public_access_cidrs": [
                  "0.0.0.0/0"
                ],
                "security_group_ids": null,
                "subnet_ids": [
                  "subnet-3df06171",
                  "subnet-9a548ce1",
                  "subnet-db0828b3"
                ],
                "vpc_id": "vpc-93e4dffb"
              }
            ]
          },
          "private": "eyJlMmJmYjczMC1lY2FhLTExZTYtOGY4OC0zNDM2M2JjN2M0YzAiOnsiY3JlYXRlIjoxODAwMDAwMDAwMDAwLCJkZWxldGUiOjkwMDAwMDAwMDAwMCwidXBkYXRlIjozNjAwMDAwMDAwMDAwfX0=",
          "dependencies": [
            "aws_iam_role.eks_cluster"
          ]
        }
      ]
    },
    {
      "mode": "managed",
      "type": "aws_eks_node_group",
      "name": "eks_nodes_1",
      "provider": "provider.aws",
      "instances": [
        {
          "schema_version": 0,
          "attributes": {
            "ami_type": "AL2_x86_64",
            "arn": "arn:aws:eks:ap-south-1:890292390868:nodegroup/hari_eks_cluster/nodes_1/deb9b2d5-9449-4ddc-4c2f-d5c045d0bb6c",
            "cluster_name": "hari_eks_cluster",
            "disk_size": 20,
            "force_update_version": null,
            "id": "hari_eks_cluster:nodes_1",
            "instance_types": [
              "t2.micro"
            ],
            "labels": null,
            "node_group_name": "nodes_1",
            "node_role_arn": "arn:aws:iam::890292390868:role/eks-node-group-iam",
            "release_version": "1.16.12-20200710",
            "remote_access": [],
            "resources": [
              {
                "autoscaling_groups": [
                  {
                    "name": "eks-deb9b2d5-9449-4ddc-4c2f-d5c045d0bb6c"
                  }
                ],
                "remote_access_security_group_id": ""
              }
            ],
            "scaling_config": [
              {
                "desired_size": 1,
                "max_size": 2,
                "min_size": 1
              }
            ],
            "status": "ACTIVE",
            "subnet_ids": [
              "subnet-3df06171",
              "subnet-9a548ce1",
              "subnet-db0828b3"
            ],
            "tags": {
              "Name": "hari_eks_node_1"
            },
            "timeouts": null,
            "version": "1.16"
          },
          "private": "eyJlMmJmYjczMC1lY2FhLTExZTYtOGY4OC0zNDM2M2JjN2M0YzAiOnsiY3JlYXRlIjozNjAwMDAwMDAwMDAwLCJkZWxldGUiOjM2MDAwMDAwMDAwMDAsInVwZGF0ZSI6MzYwMDAwMDAwMDAwMH19",
          "dependencies": [
            "aws_eks_cluster.aws_eks",
            "aws_iam_role.eks_cluster",
            "aws_iam_role.eks_nodes"
          ]
        }
      ]
    },
    {
      "mode": "managed",
      "type": "aws_eks_node_group",
      "name": "eks_nodes_2",
      "provider": "provider.aws",
      "instances": [
        {
          "schema_version": 0,
          "attributes": {
            "ami_type": "AL2_x86_64",
            "arn": "arn:aws:eks:ap-south-1:890292390868:nodegroup/hari_eks_cluster/nodes_2/24b9b2d5-936c-d478-efc2-5b6b63229195",
            "cluster_name": "hari_eks_cluster",
            "disk_size": 20,
            "force_update_version": null,
            "id": "hari_eks_cluster:nodes_2",
            "instance_types": [
              "t2.micro"
            ],
            "labels": null,
            "node_group_name": "nodes_2",
            "node_role_arn": "arn:aws:iam::890292390868:role/eks-node-group-iam",
            "release_version": "1.16.12-20200710",
            "remote_access": [],
            "resources": [
              {
                "autoscaling_groups": [
                  {
                    "name": "eks-24b9b2d5-936c-d478-efc2-5b6b63229195"
                  }
                ],
                "remote_access_security_group_id": ""
              }
            ],
            "scaling_config": [
              {
                "desired_size": 1,
                "max_size": 1,
                "min_size": 1
              }
            ],
            "status": "ACTIVE",
            "subnet_ids": [
              "subnet-3df06171",
              "subnet-9a548ce1",
              "subnet-db0828b3"
            ],
            "tags": {
              "Name": "hari_eks_node_2"
            },
            "timeouts": null,
            "version": "1.16"
          },
          "private": "eyJlMmJmYjczMC1lY2FhLTExZTYtOGY4OC0zNDM2M2JjN2M0YzAiOnsiY3JlYXRlIjozNjAwMDAwMDAwMDAwLCJkZWxldGUiOjM2MDAwMDAwMDAwMDAsInVwZGF0ZSI6MzYwMDAwMDAwMDAwMH19",
          "dependencies": [
            "aws_eks_cluster.aws_eks",
            "aws_iam_role.eks_cluster",
            "aws_iam_role.eks_nodes"
          ]
        }
      ]
    },
    {
      "mode": "managed",
      "type": "aws_iam_role",
      "name": "eks_cluster",
      "provider": "provider.aws",
      "instances": [
        {
          "schema_version": 0,
          "attributes": {
            "arn": "arn:aws:iam::890292390868:role/eks-cluster",
            "assume_role_policy": "{\"Version\":\"2012-10-17\",\"Statement\":[{\"Effect\":\"Allow\",\"Principal\":{\"Service\":\"eks.amazonaws.com\"},\"Action\":\"sts:AssumeRole\"}]}",
            "create_date": "2020-07-19T05:53:38Z",
            "description": "",
            "force_detach_policies": false,
            "id": "eks-cluster",
            "max_session_duration": 3600,
            "name": "eks-cluster",
            "name_prefix": null,
            "path": "/",
            "permissions_boundary": null,
            "tags": null,
            "unique_id": "AROA46SMPZPKMLYZII3LP"
          },
          "private": "bnVsbA=="
        }
      ]
    },
    {
      "mode": "managed",
      "type": "aws_iam_role",
      "name": "eks_nodes",
      "provider": "provider.aws",
      "instances": [
        {
          "schema_version": 0,
          "attributes": {
            "arn": "arn:aws:iam::890292390868:role/eks-node-group-iam",
            "assume_role_policy": "{\"Version\":\"2012-10-17\",\"Statement\":[{\"Effect\":\"Allow\",\"Principal\":{\"Service\":\"ec2.amazonaws.com\"},\"Action\":\"sts:AssumeRole\"}]}",
            "create_date": "2020-07-19T05:53:38Z",
            "description": "",
            "force_detach_policies": false,
            "id": "eks-node-group-iam",
            "max_session_duration": 3600,
            "name": "eks-node-group-iam",
            "name_prefix": null,
            "path": "/",
            "permissions_boundary": null,
            "tags": null,
            "unique_id": "AROA46SMPZPKCZEGLDPYG"
          },
          "private": "bnVsbA=="
        }
      ]
    },
    {
      "mode": "managed",
      "type": "aws_iam_role_policy_attachment",
      "name": "AmazonEC2ContainerRegistryReadOnly",
      "provider": "provider.aws",
      "instances": [
        {
          "schema_version": 0,
          "attributes": {
            "id": "eks-node-group-iam-20200719055342235300000001",
            "policy_arn": "arn:aws:iam::aws:policy/AmazonEC2ContainerRegistryReadOnly",
            "role": "eks-node-group-iam"
          },
          "private": "bnVsbA==",
          "dependencies": [
            "aws_iam_role.eks_nodes"
          ]
        }
      ]
    },
    {
      "mode": "managed",
      "type": "aws_iam_role_policy_attachment",
      "name": "AmazonEKSClusterPolicy",
      "provider": "provider.aws",
      "instances": [
        {
          "schema_version": 0,
          "attributes": {
            "id": "eks-cluster-20200719055342361400000004",
            "policy_arn": "arn:aws:iam::aws:policy/AmazonEKSClusterPolicy",
            "role": "eks-cluster"
          },
          "private": "bnVsbA==",
          "dependencies": [
            "aws_iam_role.eks_cluster"
          ]
        }
      ]
    },
    {
      "mode": "managed",
      "type": "aws_iam_role_policy_attachment",
      "name": "AmazonEKSServicePolicy",
      "provider": "provider.aws",
      "instances": [
        {
          "schema_version": 0,
          "attributes": {
            "id": "eks-cluster-20200719055342434300000005",
            "policy_arn": "arn:aws:iam::aws:policy/AmazonEKSServicePolicy",
            "role": "eks-cluster"
          },
          "private": "bnVsbA==",
          "dependencies": [
            "aws_iam_role.eks_cluster"
          ]
        }
      ]
    },
    {
      "mode": "managed",
      "type": "aws_iam_role_policy_attachment",
      "name": "AmazonEKSWorkerNodePolicy",
      "provider": "provider.aws",
      "instances": [
        {
          "schema_version": 0,
          "attributes": {
            "id": "eks-node-group-iam-20200719055342300100000003",
            "policy_arn": "arn:aws:iam::aws:policy/AmazonEKSWorkerNodePolicy",
            "role": "eks-node-group-iam"
          },
          "private": "bnVsbA==",
          "dependencies": [
            "aws_iam_role.eks_nodes"
          ]
        }
      ]
    },
    {
      "mode": "managed",
      "type": "aws_iam_role_policy_attachment",
      "name": "AmazonEKS_CNI_Policy",
      "provider": "provider.aws",
      "instances": [
        {
          "schema_version": 0,
          "attributes": {
            "id": "eks-node-group-iam-20200719055342253200000002",
            "policy_arn": "arn:aws:iam::aws:policy/AmazonEKS_CNI_Policy",
            "role": "eks-node-group-iam"
          },
          "private": "bnVsbA==",
          "dependencies": [
            "aws_iam_role.eks_nodes"
          ]
        }
      ]
    }
  ]
}
